
Microsoft Visual Studio Solution File, Format Version 12.00
# Visual Studio Version 16
VisualStudioVersion = 16.0.30503.244
MinimumVisualStudioVersion = 10.0.40219.1
Project("{FAE04EC0-301F-11D3-BF4B-00C04F79EFBC}") = "001_HelloWorld", "001_HelloWorld\001_HelloWorld.csproj", "{F6FCEE37-3FCE-4A20-85C8-1E802D2D1FA4}"
EndProject
Project("{FAE04EC0-301F-11D3-BF4B-00C04F79EFBC}") = "002_HelloWorld2", "002_HelloWorld2\002_HelloWorld2.csproj", "{AF8927A2-E426-412D-904A-D6F34BE73A8D}"
EndProject
Project("{FAE04EC0-301F-11D3-BF4B-00C04F79EFBC}") = "003_HelloWorld3", "003_HelloWorld3\003_HelloWorld3.csproj", "{EDC1E63B-94D7-4D50-B287-DE05496E6A68}"
EndProject
Project("{FAE04EC0-301F-11D3-BF4B-00C04F79EFBC}") = "004_Check", "004_Check\004_Check.csproj", "{6C04A76C-2125-461E-8B87-F7C935A401FA}"
EndProject
Project("{FAE04EC0-301F-11D3-BF4B-00C04F79EFBC}") = "005_Check", "005_Check\005_Check.csproj", "{08047871-C0A2-4777-AB83-2151BFBFDA24}"
EndProject
Project("{FAE04EC0-301F-11D3-BF4B-00C04F79EFBC}") = "006_Variable", "006_Variable\006_Variable.csproj", "{0655DEBD-72B1-41EE-BA70-904C11A51799}"
EndProject
Project("{FAE04EC0-301F-11D3-BF4B-00C04F79EFBC}") = "007_Variable2", "007_Variable2\007_Variable2.csproj", "{3824BA17-6EA6-4C3E-A110-871D299879C3}"
EndProject
Project("{FAE04EC0-301F-11D3-BF4B-00C04F79EFBC}") = "008_Data1", "008_Data1\008_Data1.csproj", "{13CBF9F0-1819-4611-8F8B-1E9F226D60F7}"
EndProject
Project("{FAE04EC0-301F-11D3-BF4B-00C04F79EFBC}") = "009_Data2", "009_Data2\009_Data2.csproj", "{CA11AA46-0E4B-4879-8E30-6B84081B7A11}"
EndProject
Project("{FAE04EC0-301F-11D3-BF4B-00C04F79EFBC}") = "010_Data3", "010_Data3\010_Data3.csproj", "{2D1B4EB4-A564-49EE-AD01-CB6802768642}"
EndProject
Project("{FAE04EC0-301F-11D3-BF4B-00C04F79EFBC}") = "011_Data4", "011_Data4\011_Data4.csproj", "{C7C13C91-C586-4CD0-8D8E-8CFACEBEF1D8}"
EndProject
Project("{FAE04EC0-301F-11D3-BF4B-00C04F79EFBC}") = "012_Data5", "012_Data5\012_Data5.csproj", "{05BEFB00-C7EB-4E5C-B998-FDD4D21CD774}"
EndProject
Project("{FAE04EC0-301F-11D3-BF4B-00C04F79EFBC}") = "013_Data6", "013_Data6\013_Data6.csproj", "{143878E1-AE6D-4BC4-89CA-9D5F76C21859}"
EndProject
Project("{FAE04EC0-301F-11D3-BF4B-00C04F79EFBC}") = "014_Data7", "014_Data7\014_Data7.csproj", "{BA89D273-5E2A-487B-9D38-B6142BEA1443}"
EndProject
Project("{FAE04EC0-301F-11D3-BF4B-00C04F79EFBC}") = "015_Data8", "015_Data8\015_Data8.csproj", "{F38DE250-A864-4326-825A-09630DB54C4E}"
EndProject
Project("{FAE04EC0-301F-11D3-BF4B-00C04F79EFBC}") = "016_String", "016_String\016_String.csproj", "{424F0988-35C6-412E-95F3-916A2140EABA}"
EndProject
Project("{FAE04EC0-301F-11D3-BF4B-00C04F79EFBC}") = "018_Data_object", "018_Data_object\018_Data_object.csproj", "{C4947B98-7647-4F1B-810F-E6181B758ABB}"
EndProject
Project("{FAE04EC0-301F-11D3-BF4B-00C04F79EFBC}") = "019_Data_enum", "019_Data_enum\019_Data_enum.csproj", "{712B7F81-D1C6-41FC-8558-38BB44F451EE}"
EndProject
Project("{FAE04EC0-301F-11D3-BF4B-00C04F79EFBC}") = "020_Data_enum2", "020_Data_enum2\020_Data_enum2.csproj", "{08FB25D7-13EC-451E-87CB-7F006D144962}"
EndProject
Project("{FAE04EC0-301F-11D3-BF4B-00C04F79EFBC}") = "021_Data_nullable", "021_Data_nullable\021_Data_nullable.csproj", "{EB798ADA-CA6A-4CA5-9E10-B943E878EB4C}"
EndProject
Project("{FAE04EC0-301F-11D3-BF4B-00C04F79EFBC}") = "022_Data_var", "022_Data_var\022_Data_var.csproj", "{404579DF-D9A5-41EC-AF74-B1A54EFDC208}"
EndProject
Project("{FAE04EC0-301F-11D3-BF4B-00C04F79EFBC}") = "023_Data_const", "023_Data_const\023_Data_const.csproj", "{2421448A-DC13-4386-AC87-AE5F15458A44}"
EndProject
Project("{FAE04EC0-301F-11D3-BF4B-00C04F79EFBC}") = "024_Data_cast", "024_Data_cast\024_Data_cast.csproj", "{3A0BECAB-4765-4DED-BAC4-318EC91DC888}"
EndProject
Project("{FAE04EC0-301F-11D3-BF4B-00C04F79EFBC}") = "025_Data_ToString", "025_Data_ToString\025_Data_ToString.csproj", "{93C0EA5E-AE87-4A4A-A752-77F497B58279}"
EndProject
Project("{FAE04EC0-301F-11D3-BF4B-00C04F79EFBC}") = "026_Data_Parse", "026_Data_Parse\026_Data_Parse.csproj", "{94DFAE82-7411-4D33-A0A8-8CC1263BC191}"
EndProject
Project("{FAE04EC0-301F-11D3-BF4B-00C04F79EFBC}") = "027_Data_Convert", "027_Data_Convert\027_Data_Convert.csproj", "{6AAE6F94-676A-44B9-B4FA-896C45F57228}"
EndProject
Project("{FAE04EC0-301F-11D3-BF4B-00C04F79EFBC}") = "028_Data_Reference", "028_Data_reference\028_Data_Reference.csproj", "{5B4A25CB-4A45-4AEA-B734-F68BD1339D71}"
EndProject
Project("{FAE04EC0-301F-11D3-BF4B-00C04F79EFBC}") = "029_Data_boxing", "029_Data_boxing\029_Data_boxing.csproj", "{A8425C82-1C5F-4FC0-A7C6-9680347FA608}"
EndProject
Project("{FAE04EC0-301F-11D3-BF4B-00C04F79EFBC}") = "030_ReadLine", "030_ReadLine\030_ReadLine.csproj", "{D8C8EE42-F46C-41B9-817B-1BB5F8700B4C}"
EndProject
Project("{FAE04EC0-301F-11D3-BF4B-00C04F79EFBC}") = "031_ReadLine2", "031_ReadLine2\031_ReadLine2.csproj", "{E56D7C4C-2529-4592-BC9F-5DE5CC8F9103}"
EndProject
Project("{FAE04EC0-301F-11D3-BF4B-00C04F79EFBC}") = "032_Check", "032_Check\032_Check.csproj", "{7AA89410-0A50-41C5-933E-1AB88FE65FBE}"
EndProject
Project("{FAE04EC0-301F-11D3-BF4B-00C04F79EFBC}") = "033_Check", "033_Check\033_Check.csproj", "{52E66A03-FEB6-42F0-8E02-AB957FA5AD5B}"
EndProject
Project("{FAE04EC0-301F-11D3-BF4B-00C04F79EFBC}") = "034_Operator1", "034_Operator1\034_Operator1.csproj", "{B4F05D20-7B4D-4172-A540-19681133526E}"
EndProject
Project("{FAE04EC0-301F-11D3-BF4B-00C04F79EFBC}") = "034_Operator2", "034_Operator2\034_Operator2.csproj", "{6334BEC2-033C-401F-B4CB-746E1F57BF07}"
EndProject
Project("{FAE04EC0-301F-11D3-BF4B-00C04F79EFBC}") = "035_Operator3", "035_Operator3\035_Operator3.csproj", "{6E3275D0-8E4A-4424-A5E2-D650A3ACD30D}"
EndProject
Project("{FAE04EC0-301F-11D3-BF4B-00C04F79EFBC}") = "036_01_Operator", "036_01_Operator\036_01_Operator.csproj", "{9F67A46C-B6AE-4A86-B717-944305362ED4}"
EndProject
Project("{FAE04EC0-301F-11D3-BF4B-00C04F79EFBC}") = "037_Operator4", "037_Operator4\037_Operator4.csproj", "{4266E189-AF50-4657-A994-86BCEF6002FF}"
EndProject
Project("{FAE04EC0-301F-11D3-BF4B-00C04F79EFBC}") = "038_Operator5", "038_Operator5\038_Operator5.csproj", "{856DD071-ADE6-421F-B3E9-E2E87CF9ABF3}"
EndProject
Project("{FAE04EC0-301F-11D3-BF4B-00C04F79EFBC}") = "039_Operator6", "039_Operator6\039_Operator6.csproj", "{31B48212-B226-44E8-81FD-4A050F8CE4E7}"
EndProject
Project("{FAE04EC0-301F-11D3-BF4B-00C04F79EFBC}") = "040_Operator_Bit", "040_Operator_Bit\040_Operator_Bit.csproj", "{7907DC91-3BFD-4147-8DB8-D619E0D7A0FD}"
EndProject
Project("{FAE04EC0-301F-11D3-BF4B-00C04F79EFBC}") = "041_Operator_null", "041_Operator_null\041_Operator_null.csproj", "{9468308B-7558-49FC-9A8C-07CDFD8D6AD9}"
EndProject
Project("{FAE04EC0-301F-11D3-BF4B-00C04F79EFBC}") = "042_Operator_Branch", "042_Operator_Branch\042_Operator_Branch.csproj", "{746BCDED-5BEC-4B17-A95C-3348AFA32C81}"
EndProject
Project("{FAE04EC0-301F-11D3-BF4B-00C04F79EFBC}") = "043_Operator_Branch2", "043_Operator_Branch2\043_Operator_Branch2.csproj", "{003DA004-F084-4187-837E-88A637FAB9DD}"
EndProject
Project("{FAE04EC0-301F-11D3-BF4B-00C04F79EFBC}") = "044_Operator_Branch3", "044_Operator_Branch3\044_Operator_Branch3.csproj", "{6AB2613E-A252-44E4-9BC6-31306BAE3301}"
EndProject
Project("{FAE04EC0-301F-11D3-BF4B-00C04F79EFBC}") = "045_Operator_switch", "045_Operator_switch\045_Operator_switch.csproj", "{C3420318-74BE-4248-A956-0809E77E2CD1}"
EndProject
Project("{FAE04EC0-301F-11D3-BF4B-00C04F79EFBC}") = "046_Operator_switch2", "046_Operator_switch2\046_Operator_switch2.csproj", "{52EACE53-4FDA-47C4-8640-18DA51E13722}"
EndProject
Project("{FAE04EC0-301F-11D3-BF4B-00C04F79EFBC}") = "047_Operator_while", "047_Operator_while\047_Operator_while.csproj", "{20A5032C-525D-4009-8330-8DA0BF0C0F58}"
EndProject
Project("{FAE04EC0-301F-11D3-BF4B-00C04F79EFBC}") = "048_Operator_do_while", "048_Operator_do_while\048_Operator_do_while.csproj", "{447D6621-D0B0-4572-A925-40C01FB3F986}"
EndProject
Project("{FAE04EC0-301F-11D3-BF4B-00C04F79EFBC}") = "049_Operator_for", "049_Operator_for\049_Operator_for.csproj", "{280A74EA-8FEC-4359-908E-3B52F37D1C6F}"
EndProject
Project("{FAE04EC0-301F-11D3-BF4B-00C04F79EFBC}") = "050_Operator_for_for", "050_Operator_for_for\050_Operator_for_for.csproj", "{3BF2C20F-04EE-47D9-93FB-DDCBC89EB5FD}"
EndProject
Project("{FAE04EC0-301F-11D3-BF4B-00C04F79EFBC}") = "051_Operator_while(true)", "051_Operator_while(true)\051_Operator_while(true).csproj", "{B628C34D-B566-4FE7-8329-B374040F12F8}"
EndProject
Project("{FAE04EC0-301F-11D3-BF4B-00C04F79EFBC}") = "052_Operator_break", "052_Operator_break\052_Operator_break.csproj", "{38D20414-55EA-427C-886C-423CF3FCF1CE}"
EndProject
Project("{FAE04EC0-301F-11D3-BF4B-00C04F79EFBC}") = "053_Operator_continue", "053_Operator_continue\053_Operator_continue.csproj", "{DEF39087-A1BE-49BA-ABB4-0B2B78FDF7EF}"
EndProject
Project("{FAE04EC0-301F-11D3-BF4B-00C04F79EFBC}") = "054_Operator_goto", "054_Operator_goto\054_Operator_goto.csproj", "{2920FD3B-1C0B-448A-BB63-C79348C0D866}"
EndProject
Project("{FAE04EC0-301F-11D3-BF4B-00C04F79EFBC}") = "055_Check", "055_Check\055_Check.csproj", "{F689257C-7CB7-4F06-AD85-6D6C9439492E}"
EndProject
Project("{FAE04EC0-301F-11D3-BF4B-00C04F79EFBC}") = "056_Check", "056_Check\056_Check.csproj", "{294F9B7E-D07E-407F-AE12-79E4DA65A83A}"
EndProject
Project("{FAE04EC0-301F-11D3-BF4B-00C04F79EFBC}") = "057_Check", "057_Check\057_Check.csproj", "{B1CBEF3B-3A94-4AB2-A7C3-D392FE90652A}"
EndProject
Project("{FAE04EC0-301F-11D3-BF4B-00C04F79EFBC}") = "CheckPoint_01", "CheckPoint_01\CheckPoint_01.csproj", "{A73091E8-B1D6-4C80-AD3F-6CAC098A5830}"
EndProject
Project("{FAE04EC0-301F-11D3-BF4B-00C04F79EFBC}") = "058_Func1", "058_Func1\058_Func1.csproj", "{0A01F0DF-923E-44EE-9224-0EE94401DAEF}"
EndProject
Project("{FAE04EC0-301F-11D3-BF4B-00C04F79EFBC}") = "059_Func2", "059_Func2\059_Func2.csproj", "{5ECD539D-301A-48B4-B0AF-D4AA2155EE4C}"
EndProject
Project("{FAE04EC0-301F-11D3-BF4B-00C04F79EFBC}") = "060_Func3", "060_Func3\060_Func3.csproj", "{3D68A1FD-8D89-4175-AA9E-E7147CC8CACC}"
EndProject
Project("{FAE04EC0-301F-11D3-BF4B-00C04F79EFBC}") = "061_Func4", "061_Func4\061_Func4.csproj", "{EC8FDB0D-E068-44F8-B82C-F4F921CFF9F3}"
EndProject
Project("{FAE04EC0-301F-11D3-BF4B-00C04F79EFBC}") = "062_FuncSwap", "062_FuncSwap\062_FuncSwap.csproj", "{F336E643-97D9-4456-96F2-30B4A5B886AA}"
EndProject
Project("{FAE04EC0-301F-11D3-BF4B-00C04F79EFBC}") = "064_Func_default", "064_Func_default\064_Func_default.csproj", "{D765E6A9-6F81-4CE9-A8EF-CF99089D3C36}"
EndProject
Project("{FAE04EC0-301F-11D3-BF4B-00C04F79EFBC}") = "065_Func_Overloading", "065_Func_Overloading\065_Func_Overloading.csproj", "{3865C68C-16D6-4944-AC77-8697D5C7DFBB}"
EndProject
Project("{FAE04EC0-301F-11D3-BF4B-00C04F79EFBC}") = "066_Func_params", "066_Func_params\066_Func_params.csproj", "{34A1EC2A-69BD-47EE-989F-3D56B0216E4E}"
EndProject
Project("{FAE04EC0-301F-11D3-BF4B-00C04F79EFBC}") = "067_Check", "067_Check\067_Check.csproj", "{4E437362-0EF5-4A78-A794-6DDF398026B3}"
EndProject
Project("{FAE04EC0-301F-11D3-BF4B-00C04F79EFBC}") = "063_Func_out", "063_Func_out\063_Func_out.csproj", "{162EE3AE-34B7-424F-A528-F79CAB405841}"
EndProject
Project("{FAE04EC0-301F-11D3-BF4B-00C04F79EFBC}") = "CheckPoint_02", "CheckPoint_02\CheckPoint_02.csproj", "{CD5832A3-5276-4CF8-816E-4AB626F0C0E6}"
EndProject
Project("{FAE04EC0-301F-11D3-BF4B-00C04F79EFBC}") = "068_Array_Init", "068_Array_Init\068_Array_Init.csproj", "{30E03E97-B19D-4ACA-B25D-C6915B0C5AC9}"
EndProject
Project("{FAE04EC0-301F-11D3-BF4B-00C04F79EFBC}") = "068_1_Array_Init2", "068_1_Array_Init2\068_1_Array_Init2.csproj", "{48871B3A-9617-4C61-AF23-BB7E66ECE02B}"
EndProject
Project("{FAE04EC0-301F-11D3-BF4B-00C04F79EFBC}") = "069_Array_Multi", "069_Array_Multi\069_Array_Multi.csproj", "{D45648DB-5BCD-4F8C-8C10-4D6022AB1CD6}"
EndProject
Project("{FAE04EC0-301F-11D3-BF4B-00C04F79EFBC}") = "070_Array_Multi2", "070_Array_Multi2\070_Array_Multi2.csproj", "{2DD979E0-C15B-4579-A9A8-37E689F3CBF4}"
EndProject
Project("{FAE04EC0-301F-11D3-BF4B-00C04F79EFBC}") = "071_Array_Flex", "071_Array_Flex\071_Array_Flex.csproj", "{5E93D6E7-4C11-45F6-8824-62F7BAE0079E}"
EndProject
Project("{FAE04EC0-301F-11D3-BF4B-00C04F79EFBC}") = "072_Array_Func1", "072_Array_Func1\072_Array_Func1.csproj", "{54821E40-8DAA-4B28-96D6-181BF294E2B3}"
EndProject
Project("{FAE04EC0-301F-11D3-BF4B-00C04F79EFBC}") = "073_Array_Func2", "073_Array_Func2\073_Array_Func2.csproj", "{5AF57205-7D15-4D62-A3D7-0FEE0996ED49}"
EndProject
Project("{FAE04EC0-301F-11D3-BF4B-00C04F79EFBC}") = "074_Array_Clear", "074_Array_Clear\074_Array_Clear.csproj", "{EFA8A10C-45E4-4C5E-98C3-4738E6817F24}"
EndProject
Project("{FAE04EC0-301F-11D3-BF4B-00C04F79EFBC}") = "075_Check", "075_Check\075_Check.csproj", "{9A2107BC-D02D-4033-A3B7-2EBDB3039C4E}"
EndProject
Project("{FAE04EC0-301F-11D3-BF4B-00C04F79EFBC}") = "076_Check", "076_Check\076_Check.csproj", "{DEF21CEC-E786-4A4E-9802-C3037D7D974C}"
EndProject
Project("{FAE04EC0-301F-11D3-BF4B-00C04F79EFBC}") = "CheckPoint_03", "CheckPoint_03\CheckPoint_03.csproj", "{28ADDBAF-8A8A-43F9-94F0-773EE939F5DE}"
EndProject
Project("{FAE04EC0-301F-11D3-BF4B-00C04F79EFBC}") = "077_class", "077_class\077_class.csproj", "{F10E34AA-239A-4CE4-86FA-7042587FC74C}"
EndProject
Project("{FAE04EC0-301F-11D3-BF4B-00C04F79EFBC}") = "078_Constructor", "078_Constructor\078_Constructor.csproj", "{2AD04842-1EA9-40D0-BBE7-C7AB6DA44C79}"
EndProject
Project("{FAE04EC0-301F-11D3-BF4B-00C04F79EFBC}") = "079_this", "079_this\079_this.csproj", "{97EAD157-B6A1-4013-BFCF-5CABBAF0FBE1}"
EndProject
Project("{FAE04EC0-301F-11D3-BF4B-00C04F79EFBC}") = "080_static", "080_static\080_static.csproj", "{DA222871-F6DC-4E0F-BD5E-C951B1858708}"
EndProject
Project("{FAE04EC0-301F-11D3-BF4B-00C04F79EFBC}") = "081_class_parameter", "081_class_parameter\081_class_parameter.csproj", "{47DA70CF-0590-42CA-9690-647509F30DDF}"
EndProject
Project("{FAE04EC0-301F-11D3-BF4B-00C04F79EFBC}") = "081_01_classInheritance", "081_01_classInheritance\081_01_classInheritance.csproj", "{38D67452-05E9-4FD6-91FF-60219D2B76DE}"
EndProject
Project("{FAE04EC0-301F-11D3-BF4B-00C04F79EFBC}") = "081_02_classInheritance", "081_02_classInheritance\081_02_classInheritance.csproj", "{06753A6B-6937-418D-B997-CD7AB373D553}"
EndProject
Project("{FAE04EC0-301F-11D3-BF4B-00C04F79EFBC}") = "081_03_classInheritance", "081_03_classInheritance\081_03_classInheritance.csproj", "{79B6DE8D-A5FD-4E48-BF5D-EA9D5C65BE5C}"
EndProject
Project("{FAE04EC0-301F-11D3-BF4B-00C04F79EFBC}") = "082_as", "082_as\082_as.csproj", "{5418331C-4A4B-4553-BC67-EB65A09E36C4}"
EndProject
Project("{FAE04EC0-301F-11D3-BF4B-00C04F79EFBC}") = "083_override", "083_override\083_override.csproj", "{C2726AC6-CB97-4DB7-8347-DD2004855E2C}"
EndProject
Project("{FAE04EC0-301F-11D3-BF4B-00C04F79EFBC}") = "084_override2", "084_override2\084_override2.csproj", "{BCE8C543-397C-4679-8DDB-C30BAEC61990}"
EndProject
Project("{FAE04EC0-301F-11D3-BF4B-00C04F79EFBC}") = "085_class_has_a", "085_class_has_a\085_class_has_a.csproj", "{DC9910C4-63E4-4C18-90BA-43923366A73D}"
EndProject
Project("{FAE04EC0-301F-11D3-BF4B-00C04F79EFBC}") = "086_partial", "086_partial\086_partial.csproj", "{65D1C2E7-84D3-4FAF-BD15-11FD4FEC4BE8}"
EndProject
Project("{FAE04EC0-301F-11D3-BF4B-00C04F79EFBC}") = "087_extension", "087_extension\087_extension.csproj", "{BE1F9BD4-C8C9-4E4D-BAED-2CA266826BFC}"
EndProject
Project("{FAE04EC0-301F-11D3-BF4B-00C04F79EFBC}") = "088_struct", "088_struct\088_struct.csproj", "{31D752A2-AAB0-4635-BAD3-7B0D7ADFDB7B}"
EndProject
Project("{FAE04EC0-301F-11D3-BF4B-00C04F79EFBC}") = "089_interface", "089_interface\089_interface.csproj", "{56D89A32-381F-41FF-AB14-282E6F32AFD5}"
EndProject
Project("{FAE04EC0-301F-11D3-BF4B-00C04F79EFBC}") = "090_abstract", "090_abstract\090_abstract.csproj", "{D69741FF-2E54-4CA6-933F-9EB26E606F09}"
EndProject
Project("{FAE04EC0-301F-11D3-BF4B-00C04F79EFBC}") = "091_Property01", "091_Property01\091_Property01.csproj", "{59AA3D48-E2DD-4EA4-AFDC-39A062EC6AFA}"
EndProject
Project("{FAE04EC0-301F-11D3-BF4B-00C04F79EFBC}") = "092_Property02", "092_Property02\092_Property02.csproj", "{E464B1EE-1556-44C7-8060-11A54047D1DD}"
EndProject
Project("{FAE04EC0-301F-11D3-BF4B-00C04F79EFBC}") = "093_Check", "093_Check\093_Check.csproj", "{034CC8F6-405D-40B6-B6BF-EB02741F5290}"
EndProject
Project("{FAE04EC0-301F-11D3-BF4B-00C04F79EFBC}") = "CheckPoint_04", "CheckPoint_04\CheckPoint_04.csproj", "{57139C3E-3A54-433A-8183-9E4CDAED2698}"
EndProject
Project("{FAE04EC0-301F-11D3-BF4B-00C04F79EFBC}") = "094_Check", "094_Check\094_Check.csproj", "{9D42B82E-30B4-40FD-9B7E-D1975EFEA1A4}"
EndProject
Global
	GlobalSection(SolutionConfigurationPlatforms) = preSolution
		Debug|Any CPU = Debug|Any CPU
		Release|Any CPU = Release|Any CPU
	EndGlobalSection
	GlobalSection(ProjectConfigurationPlatforms) = postSolution
		{F6FCEE37-3FCE-4A20-85C8-1E802D2D1FA4}.Debug|Any CPU.ActiveCfg = Debug|Any CPU
		{F6FCEE37-3FCE-4A20-85C8-1E802D2D1FA4}.Debug|Any CPU.Build.0 = Debug|Any CPU
		{F6FCEE37-3FCE-4A20-85C8-1E802D2D1FA4}.Release|Any CPU.ActiveCfg = Release|Any CPU
		{F6FCEE37-3FCE-4A20-85C8-1E802D2D1FA4}.Release|Any CPU.Build.0 = Release|Any CPU
		{AF8927A2-E426-412D-904A-D6F34BE73A8D}.Debug|Any CPU.ActiveCfg = Debug|Any CPU
		{AF8927A2-E426-412D-904A-D6F34BE73A8D}.Debug|Any CPU.Build.0 = Debug|Any CPU
		{AF8927A2-E426-412D-904A-D6F34BE73A8D}.Release|Any CPU.ActiveCfg = Release|Any CPU
		{AF8927A2-E426-412D-904A-D6F34BE73A8D}.Release|Any CPU.Build.0 = Release|Any CPU
		{EDC1E63B-94D7-4D50-B287-DE05496E6A68}.Debug|Any CPU.ActiveCfg = Debug|Any CPU
		{EDC1E63B-94D7-4D50-B287-DE05496E6A68}.Debug|Any CPU.Build.0 = Debug|Any CPU
		{EDC1E63B-94D7-4D50-B287-DE05496E6A68}.Release|Any CPU.ActiveCfg = Release|Any CPU
		{EDC1E63B-94D7-4D50-B287-DE05496E6A68}.Release|Any CPU.Build.0 = Release|Any CPU
		{6C04A76C-2125-461E-8B87-F7C935A401FA}.Debug|Any CPU.ActiveCfg = Debug|Any CPU
		{6C04A76C-2125-461E-8B87-F7C935A401FA}.Debug|Any CPU.Build.0 = Debug|Any CPU
		{6C04A76C-2125-461E-8B87-F7C935A401FA}.Release|Any CPU.ActiveCfg = Release|Any CPU
		{6C04A76C-2125-461E-8B87-F7C935A401FA}.Release|Any CPU.Build.0 = Release|Any CPU
		{08047871-C0A2-4777-AB83-2151BFBFDA24}.Debug|Any CPU.ActiveCfg = Debug|Any CPU
		{08047871-C0A2-4777-AB83-2151BFBFDA24}.Debug|Any CPU.Build.0 = Debug|Any CPU
		{08047871-C0A2-4777-AB83-2151BFBFDA24}.Release|Any CPU.ActiveCfg = Release|Any CPU
		{08047871-C0A2-4777-AB83-2151BFBFDA24}.Release|Any CPU.Build.0 = Release|Any CPU
		{0655DEBD-72B1-41EE-BA70-904C11A51799}.Debug|Any CPU.ActiveCfg = Debug|Any CPU
		{0655DEBD-72B1-41EE-BA70-904C11A51799}.Debug|Any CPU.Build.0 = Debug|Any CPU
		{0655DEBD-72B1-41EE-BA70-904C11A51799}.Release|Any CPU.ActiveCfg = Release|Any CPU
		{0655DEBD-72B1-41EE-BA70-904C11A51799}.Release|Any CPU.Build.0 = Release|Any CPU
		{3824BA17-6EA6-4C3E-A110-871D299879C3}.Debug|Any CPU.ActiveCfg = Debug|Any CPU
		{3824BA17-6EA6-4C3E-A110-871D299879C3}.Debug|Any CPU.Build.0 = Debug|Any CPU
		{3824BA17-6EA6-4C3E-A110-871D299879C3}.Release|Any CPU.ActiveCfg = Release|Any CPU
		{3824BA17-6EA6-4C3E-A110-871D299879C3}.Release|Any CPU.Build.0 = Release|Any CPU
		{13CBF9F0-1819-4611-8F8B-1E9F226D60F7}.Debug|Any CPU.ActiveCfg = Debug|Any CPU
		{13CBF9F0-1819-4611-8F8B-1E9F226D60F7}.Debug|Any CPU.Build.0 = Debug|Any CPU
		{13CBF9F0-1819-4611-8F8B-1E9F226D60F7}.Release|Any CPU.ActiveCfg = Release|Any CPU
		{13CBF9F0-1819-4611-8F8B-1E9F226D60F7}.Release|Any CPU.Build.0 = Release|Any CPU
		{CA11AA46-0E4B-4879-8E30-6B84081B7A11}.Debug|Any CPU.ActiveCfg = Debug|Any CPU
		{CA11AA46-0E4B-4879-8E30-6B84081B7A11}.Debug|Any CPU.Build.0 = Debug|Any CPU
		{CA11AA46-0E4B-4879-8E30-6B84081B7A11}.Release|Any CPU.ActiveCfg = Release|Any CPU
		{CA11AA46-0E4B-4879-8E30-6B84081B7A11}.Release|Any CPU.Build.0 = Release|Any CPU
		{2D1B4EB4-A564-49EE-AD01-CB6802768642}.Debug|Any CPU.ActiveCfg = Debug|Any CPU
		{2D1B4EB4-A564-49EE-AD01-CB6802768642}.Debug|Any CPU.Build.0 = Debug|Any CPU
		{2D1B4EB4-A564-49EE-AD01-CB6802768642}.Release|Any CPU.ActiveCfg = Release|Any CPU
		{2D1B4EB4-A564-49EE-AD01-CB6802768642}.Release|Any CPU.Build.0 = Release|Any CPU
		{C7C13C91-C586-4CD0-8D8E-8CFACEBEF1D8}.Debug|Any CPU.ActiveCfg = Debug|Any CPU
		{C7C13C91-C586-4CD0-8D8E-8CFACEBEF1D8}.Debug|Any CPU.Build.0 = Debug|Any CPU
		{C7C13C91-C586-4CD0-8D8E-8CFACEBEF1D8}.Release|Any CPU.ActiveCfg = Release|Any CPU
		{C7C13C91-C586-4CD0-8D8E-8CFACEBEF1D8}.Release|Any CPU.Build.0 = Release|Any CPU
		{05BEFB00-C7EB-4E5C-B998-FDD4D21CD774}.Debug|Any CPU.ActiveCfg = Debug|Any CPU
		{05BEFB00-C7EB-4E5C-B998-FDD4D21CD774}.Debug|Any CPU.Build.0 = Debug|Any CPU
		{05BEFB00-C7EB-4E5C-B998-FDD4D21CD774}.Release|Any CPU.ActiveCfg = Release|Any CPU
		{05BEFB00-C7EB-4E5C-B998-FDD4D21CD774}.Release|Any CPU.Build.0 = Release|Any CPU
		{143878E1-AE6D-4BC4-89CA-9D5F76C21859}.Debug|Any CPU.ActiveCfg = Debug|Any CPU
		{143878E1-AE6D-4BC4-89CA-9D5F76C21859}.Debug|Any CPU.Build.0 = Debug|Any CPU
		{143878E1-AE6D-4BC4-89CA-9D5F76C21859}.Release|Any CPU.ActiveCfg = Release|Any CPU
		{143878E1-AE6D-4BC4-89CA-9D5F76C21859}.Release|Any CPU.Build.0 = Release|Any CPU
		{BA89D273-5E2A-487B-9D38-B6142BEA1443}.Debug|Any CPU.ActiveCfg = Debug|Any CPU
		{BA89D273-5E2A-487B-9D38-B6142BEA1443}.Debug|Any CPU.Build.0 = Debug|Any CPU
		{BA89D273-5E2A-487B-9D38-B6142BEA1443}.Release|Any CPU.ActiveCfg = Release|Any CPU
		{BA89D273-5E2A-487B-9D38-B6142BEA1443}.Release|Any CPU.Build.0 = Release|Any CPU
		{F38DE250-A864-4326-825A-09630DB54C4E}.Debug|Any CPU.ActiveCfg = Debug|Any CPU
		{F38DE250-A864-4326-825A-09630DB54C4E}.Debug|Any CPU.Build.0 = Debug|Any CPU
		{F38DE250-A864-4326-825A-09630DB54C4E}.Release|Any CPU.ActiveCfg = Release|Any CPU
		{F38DE250-A864-4326-825A-09630DB54C4E}.Release|Any CPU.Build.0 = Release|Any CPU
		{424F0988-35C6-412E-95F3-916A2140EABA}.Debug|Any CPU.ActiveCfg = Debug|Any CPU
		{424F0988-35C6-412E-95F3-916A2140EABA}.Debug|Any CPU.Build.0 = Debug|Any CPU
		{424F0988-35C6-412E-95F3-916A2140EABA}.Release|Any CPU.ActiveCfg = Release|Any CPU
		{424F0988-35C6-412E-95F3-916A2140EABA}.Release|Any CPU.Build.0 = Release|Any CPU
		{C4947B98-7647-4F1B-810F-E6181B758ABB}.Debug|Any CPU.ActiveCfg = Debug|Any CPU
		{C4947B98-7647-4F1B-810F-E6181B758ABB}.Debug|Any CPU.Build.0 = Debug|Any CPU
		{C4947B98-7647-4F1B-810F-E6181B758ABB}.Release|Any CPU.ActiveCfg = Release|Any CPU
		{C4947B98-7647-4F1B-810F-E6181B758ABB}.Release|Any CPU.Build.0 = Release|Any CPU
		{712B7F81-D1C6-41FC-8558-38BB44F451EE}.Debug|Any CPU.ActiveCfg = Debug|Any CPU
		{712B7F81-D1C6-41FC-8558-38BB44F451EE}.Debug|Any CPU.Build.0 = Debug|Any CPU
		{712B7F81-D1C6-41FC-8558-38BB44F451EE}.Release|Any CPU.ActiveCfg = Release|Any CPU
		{712B7F81-D1C6-41FC-8558-38BB44F451EE}.Release|Any CPU.Build.0 = Release|Any CPU
		{08FB25D7-13EC-451E-87CB-7F006D144962}.Debug|Any CPU.ActiveCfg = Debug|Any CPU
		{08FB25D7-13EC-451E-87CB-7F006D144962}.Debug|Any CPU.Build.0 = Debug|Any CPU
		{08FB25D7-13EC-451E-87CB-7F006D144962}.Release|Any CPU.ActiveCfg = Release|Any CPU
		{08FB25D7-13EC-451E-87CB-7F006D144962}.Release|Any CPU.Build.0 = Release|Any CPU
		{EB798ADA-CA6A-4CA5-9E10-B943E878EB4C}.Debug|Any CPU.ActiveCfg = Debug|Any CPU
		{EB798ADA-CA6A-4CA5-9E10-B943E878EB4C}.Debug|Any CPU.Build.0 = Debug|Any CPU
		{EB798ADA-CA6A-4CA5-9E10-B943E878EB4C}.Release|Any CPU.ActiveCfg = Release|Any CPU
		{EB798ADA-CA6A-4CA5-9E10-B943E878EB4C}.Release|Any CPU.Build.0 = Release|Any CPU
		{404579DF-D9A5-41EC-AF74-B1A54EFDC208}.Debug|Any CPU.ActiveCfg = Debug|Any CPU
		{404579DF-D9A5-41EC-AF74-B1A54EFDC208}.Debug|Any CPU.Build.0 = Debug|Any CPU
		{404579DF-D9A5-41EC-AF74-B1A54EFDC208}.Release|Any CPU.ActiveCfg = Release|Any CPU
		{404579DF-D9A5-41EC-AF74-B1A54EFDC208}.Release|Any CPU.Build.0 = Release|Any CPU
		{2421448A-DC13-4386-AC87-AE5F15458A44}.Debug|Any CPU.ActiveCfg = Debug|Any CPU
		{2421448A-DC13-4386-AC87-AE5F15458A44}.Debug|Any CPU.Build.0 = Debug|Any CPU
		{2421448A-DC13-4386-AC87-AE5F15458A44}.Release|Any CPU.ActiveCfg = Release|Any CPU
		{2421448A-DC13-4386-AC87-AE5F15458A44}.Release|Any CPU.Build.0 = Release|Any CPU
		{3A0BECAB-4765-4DED-BAC4-318EC91DC888}.Debug|Any CPU.ActiveCfg = Debug|Any CPU
		{3A0BECAB-4765-4DED-BAC4-318EC91DC888}.Debug|Any CPU.Build.0 = Debug|Any CPU
		{3A0BECAB-4765-4DED-BAC4-318EC91DC888}.Release|Any CPU.ActiveCfg = Release|Any CPU
		{3A0BECAB-4765-4DED-BAC4-318EC91DC888}.Release|Any CPU.Build.0 = Release|Any CPU
		{93C0EA5E-AE87-4A4A-A752-77F497B58279}.Debug|Any CPU.ActiveCfg = Debug|Any CPU
		{93C0EA5E-AE87-4A4A-A752-77F497B58279}.Debug|Any CPU.Build.0 = Debug|Any CPU
		{93C0EA5E-AE87-4A4A-A752-77F497B58279}.Release|Any CPU.ActiveCfg = Release|Any CPU
		{93C0EA5E-AE87-4A4A-A752-77F497B58279}.Release|Any CPU.Build.0 = Release|Any CPU
		{94DFAE82-7411-4D33-A0A8-8CC1263BC191}.Debug|Any CPU.ActiveCfg = Debug|Any CPU
		{94DFAE82-7411-4D33-A0A8-8CC1263BC191}.Debug|Any CPU.Build.0 = Debug|Any CPU
		{94DFAE82-7411-4D33-A0A8-8CC1263BC191}.Release|Any CPU.ActiveCfg = Release|Any CPU
		{94DFAE82-7411-4D33-A0A8-8CC1263BC191}.Release|Any CPU.Build.0 = Release|Any CPU
		{6AAE6F94-676A-44B9-B4FA-896C45F57228}.Debug|Any CPU.ActiveCfg = Debug|Any CPU
		{6AAE6F94-676A-44B9-B4FA-896C45F57228}.Debug|Any CPU.Build.0 = Debug|Any CPU
		{6AAE6F94-676A-44B9-B4FA-896C45F57228}.Release|Any CPU.ActiveCfg = Release|Any CPU
		{6AAE6F94-676A-44B9-B4FA-896C45F57228}.Release|Any CPU.Build.0 = Release|Any CPU
		{5B4A25CB-4A45-4AEA-B734-F68BD1339D71}.Debug|Any CPU.ActiveCfg = Debug|Any CPU
		{5B4A25CB-4A45-4AEA-B734-F68BD1339D71}.Debug|Any CPU.Build.0 = Debug|Any CPU
		{5B4A25CB-4A45-4AEA-B734-F68BD1339D71}.Release|Any CPU.ActiveCfg = Release|Any CPU
		{5B4A25CB-4A45-4AEA-B734-F68BD1339D71}.Release|Any CPU.Build.0 = Release|Any CPU
		{A8425C82-1C5F-4FC0-A7C6-9680347FA608}.Debug|Any CPU.ActiveCfg = Debug|Any CPU
		{A8425C82-1C5F-4FC0-A7C6-9680347FA608}.Debug|Any CPU.Build.0 = Debug|Any CPU
		{A8425C82-1C5F-4FC0-A7C6-9680347FA608}.Release|Any CPU.ActiveCfg = Release|Any CPU
		{A8425C82-1C5F-4FC0-A7C6-9680347FA608}.Release|Any CPU.Build.0 = Release|Any CPU
		{D8C8EE42-F46C-41B9-817B-1BB5F8700B4C}.Debug|Any CPU.ActiveCfg = Debug|Any CPU
		{D8C8EE42-F46C-41B9-817B-1BB5F8700B4C}.Debug|Any CPU.Build.0 = Debug|Any CPU
		{D8C8EE42-F46C-41B9-817B-1BB5F8700B4C}.Release|Any CPU.ActiveCfg = Release|Any CPU
		{D8C8EE42-F46C-41B9-817B-1BB5F8700B4C}.Release|Any CPU.Build.0 = Release|Any CPU
		{E56D7C4C-2529-4592-BC9F-5DE5CC8F9103}.Debug|Any CPU.ActiveCfg = Debug|Any CPU
		{E56D7C4C-2529-4592-BC9F-5DE5CC8F9103}.Debug|Any CPU.Build.0 = Debug|Any CPU
		{E56D7C4C-2529-4592-BC9F-5DE5CC8F9103}.Release|Any CPU.ActiveCfg = Release|Any CPU
		{E56D7C4C-2529-4592-BC9F-5DE5CC8F9103}.Release|Any CPU.Build.0 = Release|Any CPU
		{7AA89410-0A50-41C5-933E-1AB88FE65FBE}.Debug|Any CPU.ActiveCfg = Debug|Any CPU
		{7AA89410-0A50-41C5-933E-1AB88FE65FBE}.Debug|Any CPU.Build.0 = Debug|Any CPU
		{7AA89410-0A50-41C5-933E-1AB88FE65FBE}.Release|Any CPU.ActiveCfg = Release|Any CPU
		{7AA89410-0A50-41C5-933E-1AB88FE65FBE}.Release|Any CPU.Build.0 = Release|Any CPU
		{52E66A03-FEB6-42F0-8E02-AB957FA5AD5B}.Debug|Any CPU.ActiveCfg = Debug|Any CPU
		{52E66A03-FEB6-42F0-8E02-AB957FA5AD5B}.Debug|Any CPU.Build.0 = Debug|Any CPU
		{52E66A03-FEB6-42F0-8E02-AB957FA5AD5B}.Release|Any CPU.ActiveCfg = Release|Any CPU
		{52E66A03-FEB6-42F0-8E02-AB957FA5AD5B}.Release|Any CPU.Build.0 = Release|Any CPU
		{B4F05D20-7B4D-4172-A540-19681133526E}.Debug|Any CPU.ActiveCfg = Debug|Any CPU
		{B4F05D20-7B4D-4172-A540-19681133526E}.Debug|Any CPU.Build.0 = Debug|Any CPU
		{B4F05D20-7B4D-4172-A540-19681133526E}.Release|Any CPU.ActiveCfg = Release|Any CPU
		{B4F05D20-7B4D-4172-A540-19681133526E}.Release|Any CPU.Build.0 = Release|Any CPU
		{6334BEC2-033C-401F-B4CB-746E1F57BF07}.Debug|Any CPU.ActiveCfg = Debug|Any CPU
		{6334BEC2-033C-401F-B4CB-746E1F57BF07}.Debug|Any CPU.Build.0 = Debug|Any CPU
		{6334BEC2-033C-401F-B4CB-746E1F57BF07}.Release|Any CPU.ActiveCfg = Release|Any CPU
		{6334BEC2-033C-401F-B4CB-746E1F57BF07}.Release|Any CPU.Build.0 = Release|Any CPU
		{6E3275D0-8E4A-4424-A5E2-D650A3ACD30D}.Debug|Any CPU.ActiveCfg = Debug|Any CPU
		{6E3275D0-8E4A-4424-A5E2-D650A3ACD30D}.Debug|Any CPU.Build.0 = Debug|Any CPU
		{6E3275D0-8E4A-4424-A5E2-D650A3ACD30D}.Release|Any CPU.ActiveCfg = Release|Any CPU
		{6E3275D0-8E4A-4424-A5E2-D650A3ACD30D}.Release|Any CPU.Build.0 = Release|Any CPU
		{9F67A46C-B6AE-4A86-B717-944305362ED4}.Debug|Any CPU.ActiveCfg = Debug|Any CPU
		{9F67A46C-B6AE-4A86-B717-944305362ED4}.Debug|Any CPU.Build.0 = Debug|Any CPU
		{9F67A46C-B6AE-4A86-B717-944305362ED4}.Release|Any CPU.ActiveCfg = Release|Any CPU
		{9F67A46C-B6AE-4A86-B717-944305362ED4}.Release|Any CPU.Build.0 = Release|Any CPU
		{4266E189-AF50-4657-A994-86BCEF6002FF}.Debug|Any CPU.ActiveCfg = Debug|Any CPU
		{4266E189-AF50-4657-A994-86BCEF6002FF}.Debug|Any CPU.Build.0 = Debug|Any CPU
		{4266E189-AF50-4657-A994-86BCEF6002FF}.Release|Any CPU.ActiveCfg = Release|Any CPU
		{4266E189-AF50-4657-A994-86BCEF6002FF}.Release|Any CPU.Build.0 = Release|Any CPU
		{856DD071-ADE6-421F-B3E9-E2E87CF9ABF3}.Debug|Any CPU.ActiveCfg = Debug|Any CPU
		{856DD071-ADE6-421F-B3E9-E2E87CF9ABF3}.Debug|Any CPU.Build.0 = Debug|Any CPU
		{856DD071-ADE6-421F-B3E9-E2E87CF9ABF3}.Release|Any CPU.ActiveCfg = Release|Any CPU
		{856DD071-ADE6-421F-B3E9-E2E87CF9ABF3}.Release|Any CPU.Build.0 = Release|Any CPU
		{31B48212-B226-44E8-81FD-4A050F8CE4E7}.Debug|Any CPU.ActiveCfg = Debug|Any CPU
		{31B48212-B226-44E8-81FD-4A050F8CE4E7}.Debug|Any CPU.Build.0 = Debug|Any CPU
		{31B48212-B226-44E8-81FD-4A050F8CE4E7}.Release|Any CPU.ActiveCfg = Release|Any CPU
		{31B48212-B226-44E8-81FD-4A050F8CE4E7}.Release|Any CPU.Build.0 = Release|Any CPU
		{7907DC91-3BFD-4147-8DB8-D619E0D7A0FD}.Debug|Any CPU.ActiveCfg = Debug|Any CPU
		{7907DC91-3BFD-4147-8DB8-D619E0D7A0FD}.Debug|Any CPU.Build.0 = Debug|Any CPU
		{7907DC91-3BFD-4147-8DB8-D619E0D7A0FD}.Release|Any CPU.ActiveCfg = Release|Any CPU
		{7907DC91-3BFD-4147-8DB8-D619E0D7A0FD}.Release|Any CPU.Build.0 = Release|Any CPU
		{9468308B-7558-49FC-9A8C-07CDFD8D6AD9}.Debug|Any CPU.ActiveCfg = Debug|Any CPU
		{9468308B-7558-49FC-9A8C-07CDFD8D6AD9}.Debug|Any CPU.Build.0 = Debug|Any CPU
		{9468308B-7558-49FC-9A8C-07CDFD8D6AD9}.Release|Any CPU.ActiveCfg = Release|Any CPU
		{9468308B-7558-49FC-9A8C-07CDFD8D6AD9}.Release|Any CPU.Build.0 = Release|Any CPU
		{746BCDED-5BEC-4B17-A95C-3348AFA32C81}.Debug|Any CPU.ActiveCfg = Debug|Any CPU
		{746BCDED-5BEC-4B17-A95C-3348AFA32C81}.Debug|Any CPU.Build.0 = Debug|Any CPU
		{746BCDED-5BEC-4B17-A95C-3348AFA32C81}.Release|Any CPU.ActiveCfg = Release|Any CPU
		{746BCDED-5BEC-4B17-A95C-3348AFA32C81}.Release|Any CPU.Build.0 = Release|Any CPU
		{003DA004-F084-4187-837E-88A637FAB9DD}.Debug|Any CPU.ActiveCfg = Debug|Any CPU
		{003DA004-F084-4187-837E-88A637FAB9DD}.Debug|Any CPU.Build.0 = Debug|Any CPU
		{003DA004-F084-4187-837E-88A637FAB9DD}.Release|Any CPU.ActiveCfg = Release|Any CPU
		{003DA004-F084-4187-837E-88A637FAB9DD}.Release|Any CPU.Build.0 = Release|Any CPU
		{6AB2613E-A252-44E4-9BC6-31306BAE3301}.Debug|Any CPU.ActiveCfg = Debug|Any CPU
		{6AB2613E-A252-44E4-9BC6-31306BAE3301}.Debug|Any CPU.Build.0 = Debug|Any CPU
		{6AB2613E-A252-44E4-9BC6-31306BAE3301}.Release|Any CPU.ActiveCfg = Release|Any CPU
		{6AB2613E-A252-44E4-9BC6-31306BAE3301}.Release|Any CPU.Build.0 = Release|Any CPU
		{C3420318-74BE-4248-A956-0809E77E2CD1}.Debug|Any CPU.ActiveCfg = Debug|Any CPU
		{C3420318-74BE-4248-A956-0809E77E2CD1}.Debug|Any CPU.Build.0 = Debug|Any CPU
		{C3420318-74BE-4248-A956-0809E77E2CD1}.Release|Any CPU.ActiveCfg = Release|Any CPU
		{C3420318-74BE-4248-A956-0809E77E2CD1}.Release|Any CPU.Build.0 = Release|Any CPU
		{52EACE53-4FDA-47C4-8640-18DA51E13722}.Debug|Any CPU.ActiveCfg = Debug|Any CPU
		{52EACE53-4FDA-47C4-8640-18DA51E13722}.Debug|Any CPU.Build.0 = Debug|Any CPU
		{52EACE53-4FDA-47C4-8640-18DA51E13722}.Release|Any CPU.ActiveCfg = Release|Any CPU
		{52EACE53-4FDA-47C4-8640-18DA51E13722}.Release|Any CPU.Build.0 = Release|Any CPU
		{20A5032C-525D-4009-8330-8DA0BF0C0F58}.Debug|Any CPU.ActiveCfg = Debug|Any CPU
		{20A5032C-525D-4009-8330-8DA0BF0C0F58}.Debug|Any CPU.Build.0 = Debug|Any CPU
		{20A5032C-525D-4009-8330-8DA0BF0C0F58}.Release|Any CPU.ActiveCfg = Release|Any CPU
		{20A5032C-525D-4009-8330-8DA0BF0C0F58}.Release|Any CPU.Build.0 = Release|Any CPU
		{447D6621-D0B0-4572-A925-40C01FB3F986}.Debug|Any CPU.ActiveCfg = Debug|Any CPU
		{447D6621-D0B0-4572-A925-40C01FB3F986}.Debug|Any CPU.Build.0 = Debug|Any CPU
		{447D6621-D0B0-4572-A925-40C01FB3F986}.Release|Any CPU.ActiveCfg = Release|Any CPU
		{447D6621-D0B0-4572-A925-40C01FB3F986}.Release|Any CPU.Build.0 = Release|Any CPU
		{280A74EA-8FEC-4359-908E-3B52F37D1C6F}.Debug|Any CPU.ActiveCfg = Debug|Any CPU
		{280A74EA-8FEC-4359-908E-3B52F37D1C6F}.Debug|Any CPU.Build.0 = Debug|Any CPU
		{280A74EA-8FEC-4359-908E-3B52F37D1C6F}.Release|Any CPU.ActiveCfg = Release|Any CPU
		{280A74EA-8FEC-4359-908E-3B52F37D1C6F}.Release|Any CPU.Build.0 = Release|Any CPU
		{3BF2C20F-04EE-47D9-93FB-DDCBC89EB5FD}.Debug|Any CPU.ActiveCfg = Debug|Any CPU
		{3BF2C20F-04EE-47D9-93FB-DDCBC89EB5FD}.Debug|Any CPU.Build.0 = Debug|Any CPU
		{3BF2C20F-04EE-47D9-93FB-DDCBC89EB5FD}.Release|Any CPU.ActiveCfg = Release|Any CPU
		{3BF2C20F-04EE-47D9-93FB-DDCBC89EB5FD}.Release|Any CPU.Build.0 = Release|Any CPU
		{B628C34D-B566-4FE7-8329-B374040F12F8}.Debug|Any CPU.ActiveCfg = Debug|Any CPU
		{B628C34D-B566-4FE7-8329-B374040F12F8}.Debug|Any CPU.Build.0 = Debug|Any CPU
		{B628C34D-B566-4FE7-8329-B374040F12F8}.Release|Any CPU.ActiveCfg = Release|Any CPU
		{B628C34D-B566-4FE7-8329-B374040F12F8}.Release|Any CPU.Build.0 = Release|Any CPU
		{38D20414-55EA-427C-886C-423CF3FCF1CE}.Debug|Any CPU.ActiveCfg = Debug|Any CPU
		{38D20414-55EA-427C-886C-423CF3FCF1CE}.Debug|Any CPU.Build.0 = Debug|Any CPU
		{38D20414-55EA-427C-886C-423CF3FCF1CE}.Release|Any CPU.ActiveCfg = Release|Any CPU
		{38D20414-55EA-427C-886C-423CF3FCF1CE}.Release|Any CPU.Build.0 = Release|Any CPU
		{DEF39087-A1BE-49BA-ABB4-0B2B78FDF7EF}.Debug|Any CPU.ActiveCfg = Debug|Any CPU
		{DEF39087-A1BE-49BA-ABB4-0B2B78FDF7EF}.Debug|Any CPU.Build.0 = Debug|Any CPU
		{DEF39087-A1BE-49BA-ABB4-0B2B78FDF7EF}.Release|Any CPU.ActiveCfg = Release|Any CPU
		{DEF39087-A1BE-49BA-ABB4-0B2B78FDF7EF}.Release|Any CPU.Build.0 = Release|Any CPU
		{2920FD3B-1C0B-448A-BB63-C79348C0D866}.Debug|Any CPU.ActiveCfg = Debug|Any CPU
		{2920FD3B-1C0B-448A-BB63-C79348C0D866}.Debug|Any CPU.Build.0 = Debug|Any CPU
		{2920FD3B-1C0B-448A-BB63-C79348C0D866}.Release|Any CPU.ActiveCfg = Release|Any CPU
		{2920FD3B-1C0B-448A-BB63-C79348C0D866}.Release|Any CPU.Build.0 = Release|Any CPU
		{F689257C-7CB7-4F06-AD85-6D6C9439492E}.Debug|Any CPU.ActiveCfg = Debug|Any CPU
		{F689257C-7CB7-4F06-AD85-6D6C9439492E}.Debug|Any CPU.Build.0 = Debug|Any CPU
		{F689257C-7CB7-4F06-AD85-6D6C9439492E}.Release|Any CPU.ActiveCfg = Release|Any CPU
		{F689257C-7CB7-4F06-AD85-6D6C9439492E}.Release|Any CPU.Build.0 = Release|Any CPU
		{294F9B7E-D07E-407F-AE12-79E4DA65A83A}.Debug|Any CPU.ActiveCfg = Debug|Any CPU
		{294F9B7E-D07E-407F-AE12-79E4DA65A83A}.Debug|Any CPU.Build.0 = Debug|Any CPU
		{294F9B7E-D07E-407F-AE12-79E4DA65A83A}.Release|Any CPU.ActiveCfg = Release|Any CPU
		{294F9B7E-D07E-407F-AE12-79E4DA65A83A}.Release|Any CPU.Build.0 = Release|Any CPU
		{B1CBEF3B-3A94-4AB2-A7C3-D392FE90652A}.Debug|Any CPU.ActiveCfg = Debug|Any CPU
		{B1CBEF3B-3A94-4AB2-A7C3-D392FE90652A}.Debug|Any CPU.Build.0 = Debug|Any CPU
		{B1CBEF3B-3A94-4AB2-A7C3-D392FE90652A}.Release|Any CPU.ActiveCfg = Release|Any CPU
		{B1CBEF3B-3A94-4AB2-A7C3-D392FE90652A}.Release|Any CPU.Build.0 = Release|Any CPU
		{A73091E8-B1D6-4C80-AD3F-6CAC098A5830}.Debug|Any CPU.ActiveCfg = Debug|Any CPU
		{A73091E8-B1D6-4C80-AD3F-6CAC098A5830}.Debug|Any CPU.Build.0 = Debug|Any CPU
		{A73091E8-B1D6-4C80-AD3F-6CAC098A5830}.Release|Any CPU.ActiveCfg = Release|Any CPU
		{A73091E8-B1D6-4C80-AD3F-6CAC098A5830}.Release|Any CPU.Build.0 = Release|Any CPU
		{0A01F0DF-923E-44EE-9224-0EE94401DAEF}.Debug|Any CPU.ActiveCfg = Debug|Any CPU
		{0A01F0DF-923E-44EE-9224-0EE94401DAEF}.Debug|Any CPU.Build.0 = Debug|Any CPU
		{0A01F0DF-923E-44EE-9224-0EE94401DAEF}.Release|Any CPU.ActiveCfg = Release|Any CPU
		{0A01F0DF-923E-44EE-9224-0EE94401DAEF}.Release|Any CPU.Build.0 = Release|Any CPU
		{5ECD539D-301A-48B4-B0AF-D4AA2155EE4C}.Debug|Any CPU.ActiveCfg = Debug|Any CPU
		{5ECD539D-301A-48B4-B0AF-D4AA2155EE4C}.Debug|Any CPU.Build.0 = Debug|Any CPU
		{5ECD539D-301A-48B4-B0AF-D4AA2155EE4C}.Release|Any CPU.ActiveCfg = Release|Any CPU
		{5ECD539D-301A-48B4-B0AF-D4AA2155EE4C}.Release|Any CPU.Build.0 = Release|Any CPU
		{3D68A1FD-8D89-4175-AA9E-E7147CC8CACC}.Debug|Any CPU.ActiveCfg = Debug|Any CPU
		{3D68A1FD-8D89-4175-AA9E-E7147CC8CACC}.Debug|Any CPU.Build.0 = Debug|Any CPU
		{3D68A1FD-8D89-4175-AA9E-E7147CC8CACC}.Release|Any CPU.ActiveCfg = Release|Any CPU
		{3D68A1FD-8D89-4175-AA9E-E7147CC8CACC}.Release|Any CPU.Build.0 = Release|Any CPU
		{EC8FDB0D-E068-44F8-B82C-F4F921CFF9F3}.Debug|Any CPU.ActiveCfg = Debug|Any CPU
		{EC8FDB0D-E068-44F8-B82C-F4F921CFF9F3}.Debug|Any CPU.Build.0 = Debug|Any CPU
		{EC8FDB0D-E068-44F8-B82C-F4F921CFF9F3}.Release|Any CPU.ActiveCfg = Release|Any CPU
		{EC8FDB0D-E068-44F8-B82C-F4F921CFF9F3}.Release|Any CPU.Build.0 = Release|Any CPU
		{F336E643-97D9-4456-96F2-30B4A5B886AA}.Debug|Any CPU.ActiveCfg = Debug|Any CPU
		{F336E643-97D9-4456-96F2-30B4A5B886AA}.Debug|Any CPU.Build.0 = Debug|Any CPU
		{F336E643-97D9-4456-96F2-30B4A5B886AA}.Release|Any CPU.ActiveCfg = Release|Any CPU
		{F336E643-97D9-4456-96F2-30B4A5B886AA}.Release|Any CPU.Build.0 = Release|Any CPU
		{D765E6A9-6F81-4CE9-A8EF-CF99089D3C36}.Debug|Any CPU.ActiveCfg = Debug|Any CPU
		{D765E6A9-6F81-4CE9-A8EF-CF99089D3C36}.Debug|Any CPU.Build.0 = Debug|Any CPU
		{D765E6A9-6F81-4CE9-A8EF-CF99089D3C36}.Release|Any CPU.ActiveCfg = Release|Any CPU
		{D765E6A9-6F81-4CE9-A8EF-CF99089D3C36}.Release|Any CPU.Build.0 = Release|Any CPU
		{3865C68C-16D6-4944-AC77-8697D5C7DFBB}.Debug|Any CPU.ActiveCfg = Debug|Any CPU
		{3865C68C-16D6-4944-AC77-8697D5C7DFBB}.Debug|Any CPU.Build.0 = Debug|Any CPU
		{3865C68C-16D6-4944-AC77-8697D5C7DFBB}.Release|Any CPU.ActiveCfg = Release|Any CPU
		{3865C68C-16D6-4944-AC77-8697D5C7DFBB}.Release|Any CPU.Build.0 = Release|Any CPU
		{34A1EC2A-69BD-47EE-989F-3D56B0216E4E}.Debug|Any CPU.ActiveCfg = Debug|Any CPU
		{34A1EC2A-69BD-47EE-989F-3D56B0216E4E}.Debug|Any CPU.Build.0 = Debug|Any CPU
		{34A1EC2A-69BD-47EE-989F-3D56B0216E4E}.Release|Any CPU.ActiveCfg = Release|Any CPU
		{34A1EC2A-69BD-47EE-989F-3D56B0216E4E}.Release|Any CPU.Build.0 = Release|Any CPU
		{4E437362-0EF5-4A78-A794-6DDF398026B3}.Debug|Any CPU.ActiveCfg = Debug|Any CPU
		{4E437362-0EF5-4A78-A794-6DDF398026B3}.Debug|Any CPU.Build.0 = Debug|Any CPU
		{4E437362-0EF5-4A78-A794-6DDF398026B3}.Release|Any CPU.ActiveCfg = Release|Any CPU
		{4E437362-0EF5-4A78-A794-6DDF398026B3}.Release|Any CPU.Build.0 = Release|Any CPU
		{162EE3AE-34B7-424F-A528-F79CAB405841}.Debug|Any CPU.ActiveCfg = Debug|Any CPU
		{162EE3AE-34B7-424F-A528-F79CAB405841}.Debug|Any CPU.Build.0 = Debug|Any CPU
		{162EE3AE-34B7-424F-A528-F79CAB405841}.Release|Any CPU.ActiveCfg = Release|Any CPU
		{162EE3AE-34B7-424F-A528-F79CAB405841}.Release|Any CPU.Build.0 = Release|Any CPU
		{CD5832A3-5276-4CF8-816E-4AB626F0C0E6}.Debug|Any CPU.ActiveCfg = Debug|Any CPU
		{CD5832A3-5276-4CF8-816E-4AB626F0C0E6}.Debug|Any CPU.Build.0 = Debug|Any CPU
		{CD5832A3-5276-4CF8-816E-4AB626F0C0E6}.Release|Any CPU.ActiveCfg = Release|Any CPU
		{CD5832A3-5276-4CF8-816E-4AB626F0C0E6}.Release|Any CPU.Build.0 = Release|Any CPU
		{30E03E97-B19D-4ACA-B25D-C6915B0C5AC9}.Debug|Any CPU.ActiveCfg = Debug|Any CPU
		{30E03E97-B19D-4ACA-B25D-C6915B0C5AC9}.Debug|Any CPU.Build.0 = Debug|Any CPU
		{30E03E97-B19D-4ACA-B25D-C6915B0C5AC9}.Release|Any CPU.ActiveCfg = Release|Any CPU
		{30E03E97-B19D-4ACA-B25D-C6915B0C5AC9}.Release|Any CPU.Build.0 = Release|Any CPU
		{48871B3A-9617-4C61-AF23-BB7E66ECE02B}.Debug|Any CPU.ActiveCfg = Debug|Any CPU
		{48871B3A-9617-4C61-AF23-BB7E66ECE02B}.Debug|Any CPU.Build.0 = Debug|Any CPU
		{48871B3A-9617-4C61-AF23-BB7E66ECE02B}.Release|Any CPU.ActiveCfg = Release|Any CPU
		{48871B3A-9617-4C61-AF23-BB7E66ECE02B}.Release|Any CPU.Build.0 = Release|Any CPU
		{D45648DB-5BCD-4F8C-8C10-4D6022AB1CD6}.Debug|Any CPU.ActiveCfg = Debug|Any CPU
		{D45648DB-5BCD-4F8C-8C10-4D6022AB1CD6}.Debug|Any CPU.Build.0 = Debug|Any CPU
		{D45648DB-5BCD-4F8C-8C10-4D6022AB1CD6}.Release|Any CPU.ActiveCfg = Release|Any CPU
		{D45648DB-5BCD-4F8C-8C10-4D6022AB1CD6}.Release|Any CPU.Build.0 = Release|Any CPU
		{2DD979E0-C15B-4579-A9A8-37E689F3CBF4}.Debug|Any CPU.ActiveCfg = Debug|Any CPU
		{2DD979E0-C15B-4579-A9A8-37E689F3CBF4}.Debug|Any CPU.Build.0 = Debug|Any CPU
		{2DD979E0-C15B-4579-A9A8-37E689F3CBF4}.Release|Any CPU.ActiveCfg = Release|Any CPU
		{2DD979E0-C15B-4579-A9A8-37E689F3CBF4}.Release|Any CPU.Build.0 = Release|Any CPU
		{5E93D6E7-4C11-45F6-8824-62F7BAE0079E}.Debug|Any CPU.ActiveCfg = Debug|Any CPU
		{5E93D6E7-4C11-45F6-8824-62F7BAE0079E}.Debug|Any CPU.Build.0 = Debug|Any CPU
		{5E93D6E7-4C11-45F6-8824-62F7BAE0079E}.Release|Any CPU.ActiveCfg = Release|Any CPU
		{5E93D6E7-4C11-45F6-8824-62F7BAE0079E}.Release|Any CPU.Build.0 = Release|Any CPU
		{54821E40-8DAA-4B28-96D6-181BF294E2B3}.Debug|Any CPU.ActiveCfg = Debug|Any CPU
		{54821E40-8DAA-4B28-96D6-181BF294E2B3}.Debug|Any CPU.Build.0 = Debug|Any CPU
		{54821E40-8DAA-4B28-96D6-181BF294E2B3}.Release|Any CPU.ActiveCfg = Release|Any CPU
		{54821E40-8DAA-4B28-96D6-181BF294E2B3}.Release|Any CPU.Build.0 = Release|Any CPU
		{5AF57205-7D15-4D62-A3D7-0FEE0996ED49}.Debug|Any CPU.ActiveCfg = Debug|Any CPU
		{5AF57205-7D15-4D62-A3D7-0FEE0996ED49}.Debug|Any CPU.Build.0 = Debug|Any CPU
		{5AF57205-7D15-4D62-A3D7-0FEE0996ED49}.Release|Any CPU.ActiveCfg = Release|Any CPU
		{5AF57205-7D15-4D62-A3D7-0FEE0996ED49}.Release|Any CPU.Build.0 = Release|Any CPU
		{EFA8A10C-45E4-4C5E-98C3-4738E6817F24}.Debug|Any CPU.ActiveCfg = Debug|Any CPU
		{EFA8A10C-45E4-4C5E-98C3-4738E6817F24}.Debug|Any CPU.Build.0 = Debug|Any CPU
		{EFA8A10C-45E4-4C5E-98C3-4738E6817F24}.Release|Any CPU.ActiveCfg = Release|Any CPU
		{EFA8A10C-45E4-4C5E-98C3-4738E6817F24}.Release|Any CPU.Build.0 = Release|Any CPU
		{9A2107BC-D02D-4033-A3B7-2EBDB3039C4E}.Debug|Any CPU.ActiveCfg = Debug|Any CPU
		{9A2107BC-D02D-4033-A3B7-2EBDB3039C4E}.Debug|Any CPU.Build.0 = Debug|Any CPU
		{9A2107BC-D02D-4033-A3B7-2EBDB3039C4E}.Release|Any CPU.ActiveCfg = Release|Any CPU
		{9A2107BC-D02D-4033-A3B7-2EBDB3039C4E}.Release|Any CPU.Build.0 = Release|Any CPU
		{DEF21CEC-E786-4A4E-9802-C3037D7D974C}.Debug|Any CPU.ActiveCfg = Debug|Any CPU
		{DEF21CEC-E786-4A4E-9802-C3037D7D974C}.Debug|Any CPU.Build.0 = Debug|Any CPU
		{DEF21CEC-E786-4A4E-9802-C3037D7D974C}.Release|Any CPU.ActiveCfg = Release|Any CPU
		{DEF21CEC-E786-4A4E-9802-C3037D7D974C}.Release|Any CPU.Build.0 = Release|Any CPU
		{28ADDBAF-8A8A-43F9-94F0-773EE939F5DE}.Debug|Any CPU.ActiveCfg = Debug|Any CPU
		{28ADDBAF-8A8A-43F9-94F0-773EE939F5DE}.Debug|Any CPU.Build.0 = Debug|Any CPU
		{28ADDBAF-8A8A-43F9-94F0-773EE939F5DE}.Release|Any CPU.ActiveCfg = Release|Any CPU
		{28ADDBAF-8A8A-43F9-94F0-773EE939F5DE}.Release|Any CPU.Build.0 = Release|Any CPU
		{F10E34AA-239A-4CE4-86FA-7042587FC74C}.Debug|Any CPU.ActiveCfg = Debug|Any CPU
		{F10E34AA-239A-4CE4-86FA-7042587FC74C}.Debug|Any CPU.Build.0 = Debug|Any CPU
		{F10E34AA-239A-4CE4-86FA-7042587FC74C}.Release|Any CPU.ActiveCfg = Release|Any CPU
		{F10E34AA-239A-4CE4-86FA-7042587FC74C}.Release|Any CPU.Build.0 = Release|Any CPU
		{2AD04842-1EA9-40D0-BBE7-C7AB6DA44C79}.Debug|Any CPU.ActiveCfg = Debug|Any CPU
		{2AD04842-1EA9-40D0-BBE7-C7AB6DA44C79}.Debug|Any CPU.Build.0 = Debug|Any CPU
		{2AD04842-1EA9-40D0-BBE7-C7AB6DA44C79}.Release|Any CPU.ActiveCfg = Release|Any CPU
		{2AD04842-1EA9-40D0-BBE7-C7AB6DA44C79}.Release|Any CPU.Build.0 = Release|Any CPU
		{97EAD157-B6A1-4013-BFCF-5CABBAF0FBE1}.Debug|Any CPU.ActiveCfg = Debug|Any CPU
		{97EAD157-B6A1-4013-BFCF-5CABBAF0FBE1}.Debug|Any CPU.Build.0 = Debug|Any CPU
		{97EAD157-B6A1-4013-BFCF-5CABBAF0FBE1}.Release|Any CPU.ActiveCfg = Release|Any CPU
		{97EAD157-B6A1-4013-BFCF-5CABBAF0FBE1}.Release|Any CPU.Build.0 = Release|Any CPU
		{DA222871-F6DC-4E0F-BD5E-C951B1858708}.Debug|Any CPU.ActiveCfg = Debug|Any CPU
		{DA222871-F6DC-4E0F-BD5E-C951B1858708}.Debug|Any CPU.Build.0 = Debug|Any CPU
		{DA222871-F6DC-4E0F-BD5E-C951B1858708}.Release|Any CPU.ActiveCfg = Release|Any CPU
		{DA222871-F6DC-4E0F-BD5E-C951B1858708}.Release|Any CPU.Build.0 = Release|Any CPU
		{47DA70CF-0590-42CA-9690-647509F30DDF}.Debug|Any CPU.ActiveCfg = Debug|Any CPU
		{47DA70CF-0590-42CA-9690-647509F30DDF}.Debug|Any CPU.Build.0 = Debug|Any CPU
		{47DA70CF-0590-42CA-9690-647509F30DDF}.Release|Any CPU.ActiveCfg = Release|Any CPU
		{47DA70CF-0590-42CA-9690-647509F30DDF}.Release|Any CPU.Build.0 = Release|Any CPU
		{38D67452-05E9-4FD6-91FF-60219D2B76DE}.Debug|Any CPU.ActiveCfg = Debug|Any CPU
		{38D67452-05E9-4FD6-91FF-60219D2B76DE}.Debug|Any CPU.Build.0 = Debug|Any CPU
		{38D67452-05E9-4FD6-91FF-60219D2B76DE}.Release|Any CPU.ActiveCfg = Release|Any CPU
		{38D67452-05E9-4FD6-91FF-60219D2B76DE}.Release|Any CPU.Build.0 = Release|Any CPU
		{06753A6B-6937-418D-B997-CD7AB373D553}.Debug|Any CPU.ActiveCfg = Debug|Any CPU
		{06753A6B-6937-418D-B997-CD7AB373D553}.Debug|Any CPU.Build.0 = Debug|Any CPU
		{06753A6B-6937-418D-B997-CD7AB373D553}.Release|Any CPU.ActiveCfg = Release|Any CPU
		{06753A6B-6937-418D-B997-CD7AB373D553}.Release|Any CPU.Build.0 = Release|Any CPU
		{79B6DE8D-A5FD-4E48-BF5D-EA9D5C65BE5C}.Debug|Any CPU.ActiveCfg = Debug|Any CPU
		{79B6DE8D-A5FD-4E48-BF5D-EA9D5C65BE5C}.Debug|Any CPU.Build.0 = Debug|Any CPU
		{79B6DE8D-A5FD-4E48-BF5D-EA9D5C65BE5C}.Release|Any CPU.ActiveCfg = Release|Any CPU
		{79B6DE8D-A5FD-4E48-BF5D-EA9D5C65BE5C}.Release|Any CPU.Build.0 = Release|Any CPU
		{5418331C-4A4B-4553-BC67-EB65A09E36C4}.Debug|Any CPU.ActiveCfg = Debug|Any CPU
		{5418331C-4A4B-4553-BC67-EB65A09E36C4}.Debug|Any CPU.Build.0 = Debug|Any CPU
		{5418331C-4A4B-4553-BC67-EB65A09E36C4}.Release|Any CPU.ActiveCfg = Release|Any CPU
		{5418331C-4A4B-4553-BC67-EB65A09E36C4}.Release|Any CPU.Build.0 = Release|Any CPU
		{C2726AC6-CB97-4DB7-8347-DD2004855E2C}.Debug|Any CPU.ActiveCfg = Debug|Any CPU
		{C2726AC6-CB97-4DB7-8347-DD2004855E2C}.Debug|Any CPU.Build.0 = Debug|Any CPU
		{C2726AC6-CB97-4DB7-8347-DD2004855E2C}.Release|Any CPU.ActiveCfg = Release|Any CPU
		{C2726AC6-CB97-4DB7-8347-DD2004855E2C}.Release|Any CPU.Build.0 = Release|Any CPU
		{BCE8C543-397C-4679-8DDB-C30BAEC61990}.Debug|Any CPU.ActiveCfg = Debug|Any CPU
		{BCE8C543-397C-4679-8DDB-C30BAEC61990}.Debug|Any CPU.Build.0 = Debug|Any CPU
		{BCE8C543-397C-4679-8DDB-C30BAEC61990}.Release|Any CPU.ActiveCfg = Release|Any CPU
		{BCE8C543-397C-4679-8DDB-C30BAEC61990}.Release|Any CPU.Build.0 = Release|Any CPU
		{DC9910C4-63E4-4C18-90BA-43923366A73D}.Debug|Any CPU.ActiveCfg = Debug|Any CPU
		{DC9910C4-63E4-4C18-90BA-43923366A73D}.Debug|Any CPU.Build.0 = Debug|Any CPU
		{DC9910C4-63E4-4C18-90BA-43923366A73D}.Release|Any CPU.ActiveCfg = Release|Any CPU
		{DC9910C4-63E4-4C18-90BA-43923366A73D}.Release|Any CPU.Build.0 = Release|Any CPU
		{65D1C2E7-84D3-4FAF-BD15-11FD4FEC4BE8}.Debug|Any CPU.ActiveCfg = Debug|Any CPU
		{65D1C2E7-84D3-4FAF-BD15-11FD4FEC4BE8}.Debug|Any CPU.Build.0 = Debug|Any CPU
		{65D1C2E7-84D3-4FAF-BD15-11FD4FEC4BE8}.Release|Any CPU.ActiveCfg = Release|Any CPU
		{65D1C2E7-84D3-4FAF-BD15-11FD4FEC4BE8}.Release|Any CPU.Build.0 = Release|Any CPU
		{BE1F9BD4-C8C9-4E4D-BAED-2CA266826BFC}.Debug|Any CPU.ActiveCfg = Debug|Any CPU
		{BE1F9BD4-C8C9-4E4D-BAED-2CA266826BFC}.Debug|Any CPU.Build.0 = Debug|Any CPU
		{BE1F9BD4-C8C9-4E4D-BAED-2CA266826BFC}.Release|Any CPU.ActiveCfg = Release|Any CPU
		{BE1F9BD4-C8C9-4E4D-BAED-2CA266826BFC}.Release|Any CPU.Build.0 = Release|Any CPU
		{31D752A2-AAB0-4635-BAD3-7B0D7ADFDB7B}.Debug|Any CPU.ActiveCfg = Debug|Any CPU
		{31D752A2-AAB0-4635-BAD3-7B0D7ADFDB7B}.Debug|Any CPU.Build.0 = Debug|Any CPU
		{31D752A2-AAB0-4635-BAD3-7B0D7ADFDB7B}.Release|Any CPU.ActiveCfg = Release|Any CPU
		{31D752A2-AAB0-4635-BAD3-7B0D7ADFDB7B}.Release|Any CPU.Build.0 = Release|Any CPU
		{56D89A32-381F-41FF-AB14-282E6F32AFD5}.Debug|Any CPU.ActiveCfg = Debug|Any CPU
		{56D89A32-381F-41FF-AB14-282E6F32AFD5}.Debug|Any CPU.Build.0 = Debug|Any CPU
		{56D89A32-381F-41FF-AB14-282E6F32AFD5}.Release|Any CPU.ActiveCfg = Release|Any CPU
		{56D89A32-381F-41FF-AB14-282E6F32AFD5}.Release|Any CPU.Build.0 = Release|Any CPU
		{D69741FF-2E54-4CA6-933F-9EB26E606F09}.Debug|Any CPU.ActiveCfg = Debug|Any CPU
		{D69741FF-2E54-4CA6-933F-9EB26E606F09}.Debug|Any CPU.Build.0 = Debug|Any CPU
		{D69741FF-2E54-4CA6-933F-9EB26E606F09}.Release|Any CPU.ActiveCfg = Release|Any CPU
		{D69741FF-2E54-4CA6-933F-9EB26E606F09}.Release|Any CPU.Build.0 = Release|Any CPU
		{59AA3D48-E2DD-4EA4-AFDC-39A062EC6AFA}.Debug|Any CPU.ActiveCfg = Debug|Any CPU
		{59AA3D48-E2DD-4EA4-AFDC-39A062EC6AFA}.Debug|Any CPU.Build.0 = Debug|Any CPU
		{59AA3D48-E2DD-4EA4-AFDC-39A062EC6AFA}.Release|Any CPU.ActiveCfg = Release|Any CPU
		{59AA3D48-E2DD-4EA4-AFDC-39A062EC6AFA}.Release|Any CPU.Build.0 = Release|Any CPU
		{E464B1EE-1556-44C7-8060-11A54047D1DD}.Debug|Any CPU.ActiveCfg = Debug|Any CPU
		{E464B1EE-1556-44C7-8060-11A54047D1DD}.Debug|Any CPU.Build.0 = Debug|Any CPU
		{E464B1EE-1556-44C7-8060-11A54047D1DD}.Release|Any CPU.ActiveCfg = Release|Any CPU
		{E464B1EE-1556-44C7-8060-11A54047D1DD}.Release|Any CPU.Build.0 = Release|Any CPU
		{034CC8F6-405D-40B6-B6BF-EB02741F5290}.Debug|Any CPU.ActiveCfg = Debug|Any CPU
		{034CC8F6-405D-40B6-B6BF-EB02741F5290}.Debug|Any CPU.Build.0 = Debug|Any CPU
		{034CC8F6-405D-40B6-B6BF-EB02741F5290}.Release|Any CPU.ActiveCfg = Release|Any CPU
		{034CC8F6-405D-40B6-B6BF-EB02741F5290}.Release|Any CPU.Build.0 = Release|Any CPU
		{57139C3E-3A54-433A-8183-9E4CDAED2698}.Debug|Any CPU.ActiveCfg = Debug|Any CPU
		{57139C3E-3A54-433A-8183-9E4CDAED2698}.Debug|Any CPU.Build.0 = Debug|Any CPU
		{57139C3E-3A54-433A-8183-9E4CDAED2698}.Release|Any CPU.ActiveCfg = Release|Any CPU
		{57139C3E-3A54-433A-8183-9E4CDAED2698}.Release|Any CPU.Build.0 = Release|Any CPU
		{9D42B82E-30B4-40FD-9B7E-D1975EFEA1A4}.Debug|Any CPU.ActiveCfg = Debug|Any CPU
		{9D42B82E-30B4-40FD-9B7E-D1975EFEA1A4}.Debug|Any CPU.Build.0 = Debug|Any CPU
		{9D42B82E-30B4-40FD-9B7E-D1975EFEA1A4}.Release|Any CPU.ActiveCfg = Release|Any CPU
		{9D42B82E-30B4-40FD-9B7E-D1975EFEA1A4}.Release|Any CPU.Build.0 = Release|Any CPU
	EndGlobalSection
	GlobalSection(SolutionProperties) = preSolution
		HideSolutionNode = FALSE
	EndGlobalSection
	GlobalSection(ExtensibilityGlobals) = postSolution
		SolutionGuid = {FD2D8253-1091-4DEA-AA74-DAC481CDCCB5}
	EndGlobalSection
EndGlobal
